// !$*UTF8*$!
{
	archiveVersion = 1;
	classes = {
	};
	objectVersion = 77;
	objects = {

/* Begin PBXBuildFile section */
		BF1674482FC3FD4B00889299 /* FirebaseMessaging in Frameworks */ = {isa = PBXBuildFile; productRef = BF1674472FC3FD4B00889299 /* FirebaseMessaging */; };
		BF283F132FC30E810033705B /* GoogleSignIn in Frameworks */ = {isa = PBXBuildFile; productRef = BF283F122FC30E810033705B /* GoogleSignIn */; };
		BF283F152FC30E810033705B /* GoogleSignInSwift in Frameworks */ = {isa = PBXBuildFile; productRef = BF283F142FC30E810033705B /* GoogleSignInSwift */; };
		BF529B612FC9C3E300B0EFC1 /* GoogleMobileAds in Frameworks */ = {isa = PBXBuildFile; productRef = BF529B602FC9C3E300B0EFC1 /* GoogleMobileAds */; };
		BFBD2C512FC09BCE00ECDEDB /* FirebaseAuth in Frameworks */ = {isa = PBXBuildFile; productRef = BFBD2C502FC09BCE00ECDEDB /* FirebaseAuth */; };
		BFBD2C532FC09BCE00ECDEDB /* FirebaseFirestore in Frameworks */ = {isa = PBXBuildFile; productRef = BFBD2C522FC09BCE00ECDEDB /* FirebaseFirestore */; };
		BFBD2C552FC09BCE00ECDEDB /* FirebaseStorage in Frameworks */ = {isa = PBXBuildFile; productRef = BFBD2C542FC09BCE00ECDEDB /* FirebaseStorage */; };
/* End PBXBuildFile section */

/* Begin PBXFileReference section */
		BFBD2BF92FC0968800ECDEDB /* myBabyCode.app */ = {isa = PBXFileReference; explicitFileType = wrapper.application; includeInIndex = 0; path = myBabyCode.app; sourceTree = BUILT_PRODUCTS_DIR; };
/* End PBXFileReference section */

/* Begin PBXFileSystemSynchronizedBuildFileExceptionSet section */
		BF1674D12FC42EC400889299 /* Exceptions for "myBabyCode" folder in "myBabyCode" target */ = {
			isa = PBXFileSystemSynchronizedBuildFileExceptionSet;
			membershipExceptions = (
				Info.plist,
			);
			target = BFBD2BF82FC0968800ECDEDB /* myBabyCode */;
		};
/* End PBXFileSystemSynchronizedBuildFileExceptionSet section */

/* Begin PBXFileSystemSynchronizedRootGroup section */
		BFBD2BFB2FC0968800ECDEDB /* myBabyCode */ = {
			isa = PBXFileSystemSynchronizedRootGroup;
			exceptions = (
				BF1674D12FC42EC400889299 /* Exceptions for "myBabyCode" folder in "myBabyCode" target */,
			);
			path = myBabyCode;
			sourceTree = "<group>";
		};
/* End PBXFileSystemSynchronizedRootGroup section */

/* Begin PBXFrameworksBuildPhase section */
		BFBD2BF62FC0968800ECDEDB /* Frameworks */ = {
			isa = PBXFrameworksBuildPhase;
			buildActionMask = 2147483647;
			files = (
				BF1674482FC3FD4B00889299 /* FirebaseMessaging in Frameworks */,
				BF283F152FC30E810033705B /* GoogleSignInSwift in Frameworks */,
				BFBD2C512FC09BCE00ECDEDB /* FirebaseAuth in Frameworks */,
				BF283F132FC30E810033705B /* GoogleSignIn in Frameworks */,
				BFBD2C532FC09BCE00ECDEDB /* FirebaseFirestore in Frameworks */,
				BFBD2C552FC09BCE00ECDEDB /* FirebaseStorage in Frameworks */,
				BF529B612FC9C3E300B0EFC1 /* GoogleMobileAds in Frameworks */,
			);
			runOnlyForDeploymentPostprocessing = 0;
		};
/* End PBXFrameworksBuildPhase section */

/* Begin PBXGroup section */
		BFBD2BF02FC0968800ECDEDB = {
			isa = PBXGroup;
			children = (
				BFBD2BFB2FC0968800ECDEDB /* myBabyCode */,
				BFBD2BFA2FC0968800ECDEDB /* Products */,
			);
			sourceTree = "<group>";
		};
		BFBD2BFA2FC0968800ECDEDB /* Products */ = {
			isa = PBXGroup;
			children = (
				BFBD2BF92FC0968800ECDEDB /* myBabyCode.app */,
			);
			name = Products;
			sourceTree = "<group>";
		};
/* End PBXGroup section */

/* Begin PBXNativeTarget section */
		BFBD2BF82FC0968800ECDEDB /* myBabyCode */ = {
			isa = PBXNativeTarget;
			buildConfigurationList = BFBD2C042FC0968A00ECDEDB /* Build configuration list for PBXNativeTarget "myBabyCode" */;
			buildPhases = (
				BFBD2BF52FC0968800ECDEDB /* Sources */,
				BFBD2BF62FC0968800ECDEDB /* Frameworks */,
				BFBD2BF72FC0968800ECDEDB /* Resources */,
			);
			buildRules = (
			);
			dependencies = (
			);
			fileSystemSynchronizedGroups = (
				BFBD2BFB2FC0968800ECDEDB /* myBabyCode */,
			);
			name = myBabyCode;
			packageProductDependencies = (
				BFBD2C502FC09BCE00ECDEDB /* FirebaseAuth */,
				BFBD2C522FC09BCE00ECDEDB /* FirebaseFirestore */,
				BFBD2C542FC09BCE00ECDEDB /* FirebaseStorage */,
				BF283F122FC30E810033705B /* GoogleSignIn */,
				BF283F142FC30E810033705B /* GoogleSignInSwift */,
				BF1674472FC3FD4B00889299 /* FirebaseMessaging */,
				BF529B602FC9C3E300B0EFC1 /* GoogleMobileAds */,
			);
			productName = myBabyCode;
			productReference = BFBD2BF92FC0968800ECDEDB /* myBabyCode.app */;
			productType = "com.apple.product-type.application";
		};
/* End PBXNativeTarget section */

/* Begin PBXProject section */
		BFBD2BF12FC0968800ECDEDB /* Project object */ = {
			isa = PBXProject;
			attributes = {
				BuildIndependentTargetsInParallel = 1;
				LastSwiftUpdateCheck = 2600;
				LastUpgradeCheck = 2600;
				TargetAttributes = {
					BFBD2BF82FC0968800ECDEDB = {
						CreatedOnToolsVersion = 26.0.1;
					};
				};
			};
			buildConfigurationList = BFBD2BF42FC0968800ECDEDB /* Build configuration list for PBXProject "myBabyCode" */;
			developmentRegion = ja;
			hasScannedForEncodings = 0;
			knownRegions = (
				en,
				Base,
				ja,
			);
			mainGroup = BFBD2BF02FC0968800ECDEDB;
			minimizedProjectReferenceProxies = 1;
			packageReferences = (
				BFBD2C4F2FC09BCE00ECDEDB /* XCRemoteSwiftPackageReference "firebase-ios-sdk" */,
				BF283F112FC30E810033705B /* XCRemoteSwiftPackageReference "GoogleSignIn-iOS" */,
				BF529B5F2FC9C3E300B0EFC1 /* XCRemoteSwiftPackageReference "swift-package-manager-google-mobile-ads" */,
			);
			preferredProjectObjectVersion = 77;
			productRefGroup = BFBD2BFA2FC0968800ECDEDB /* Products */;
			projectDirPath = "";
			projectRoot = "";
			targets = (
				BFBD2BF82FC0968800ECDEDB /* myBabyCode */,
			);
		};
/* End PBXProject section */

/* Begin PBXResourcesBuildPhase section */
		BFBD2BF72FC0968800ECDEDB /* Resources */ = {
			isa = PBXResourcesBuildPhase;
			buildActionMask = 2147483647;
			files = (
			);
			runOnlyForDeploymentPostprocessing = 0;
		};
/* End PBXResourcesBuildPhase section */

/* Begin PBXSourcesBuildPhase section */
		BFBD2BF52FC0968800ECDEDB /* Sources */ = {
			isa = PBXSourcesBuildPhase;
			buildActionMask = 2147483647;
			files = (
			);
			runOnlyForDeploymentPostprocessing = 0;
		};
/* End PBXSourcesBuildPhase section */

/* Begin XCBuildConfiguration section */
		BFBD2C022FC0968A00ECDEDB /* Debug */ = {
			isa = XCBuildConfiguration;
			buildSettings = {
				ALWAYS_SEARCH_USER_PATHS = NO;
				ASSETCATALOG_COMPILER_GENERATE_SWIFT_ASSET_SYMBOL_EXTENSIONS = YES;
				CLANG_ANALYZER_NONNULL = YES;
				CLANG_ANALYZER_NUMBER_OBJECT_CONVERSION = YES_AGGRESSIVE;
				CLANG_CXX_LANGUAGE_STANDARD = "gnu++20";
				CLANG_ENABLE_MODULES = YES;
				CLANG_ENABLE_OBJC_ARC = YES;
				CLANG_ENABLE_OBJC_WEAK = YES;
				CLANG_WARN_BLOCK_CAPTURE_AUTORELEASING = YES;
				CLANG_WARN_BOOL_CONVERSION = YES;
				CLANG_WARN_COMMA = YES;
				CLANG_WARN_CONSTANT_CONVERSION = YES;
				CLANG_WARN_DEPRECATED_OBJC_IMPLEMENTATIONS = YES;
				CLANG_WARN_DIRECT_OBJC_ISA_USAGE = YES_ERROR;
				CLANG_WARN_DOCUMENTATION_COMMENTS = YES;
				CLANG_WARN_EMPTY_BODY = YES;
				CLANG_WARN_ENUM_CONVERSION = YES;
				CLANG_WARN_INFINITE_RECURSION = YES;
				CLANG_WARN_INT_CONVERSION = YES;
				CLANG_WARN_NON_LITERAL_NULL_CONVERSION = YES;
				CLANG_WARN_OBJC_IMPLICIT_RETAIN_SELF = YES;
				CLANG_WARN_OBJC_LITERAL_CONVERSION = YES;
				CLANG_WARN_OBJC_ROOT_CLASS = YES_ERROR;
				CLANG_WARN_QUOTED_INCLUDE_IN_FRAMEWORK_HEADER = YES;
				CLANG_WARN_RANGE_LOOP_ANALYSIS = YES;
				CLANG_WARN_STRICT_PROTOTYPES = YES;
				CLANG_WARN_SUSPICIOUS_MOVE = YES;
				CLANG_WARN_UNGUARDED_AVAILABILITY = YES_AGGRESSIVE;
				CLANG_WARN_UNREACHABLE_CODE = YES;
				CLANG_WARN__DUPLICATE_METHOD_MATCH = YES;
				COPY_PHASE_STRIP = NO;
				DEBUG_INFORMATION_FORMAT = dwarf;
				DEVELOPMENT_TEAM = G75W83BT8C;
				ENABLE_STRICT_OBJC_MSGSEND = YES;
				ENABLE_TESTABILITY = YES;
				ENABLE_USER_SCRIPT_SANDBOXING = YES;
				GCC_C_LANGUAGE_STANDARD = gnu17;
				GCC_DYNAMIC_NO_PIC = NO;
				GCC_NO_COMMON_BLOCKS = YES;
				GCC_OPTIMIZATION_LEVEL = 0;
				GCC_PREPROCESSOR_DEFINITIONS = (
					"DEBUG=1",
					"$(inherited)",
				);
				GCC_WARN_64_TO_32_BIT_CONVERSION = YES;
				GCC_WARN_ABOUT_RETURN_TYPE = YES_ERROR;
				GCC_WARN_UNDECLARED_SELECTOR = YES;
				GCC_WARN_UNINITIALIZED_AUTOS = YES_AGGRESSIVE;
				GCC_WARN_UNUSED_FUNCTION = YES;
				GCC_WARN_UNUSED_VARIABLE = YES;
				IPHONEOS_DEPLOYMENT_TARGET = 26.0;
				LOCALIZATION_PREFERS_STRING_CATALOGS = YES;
				MTL_ENABLE_DEBUG_INFO = INCLUDE_SOURCE;
				MTL_FAST_MATH = YES;
				ONLY_ACTIVE_ARCH = YES;
				SDKROOT = iphoneos;
				SWIFT_ACTIVE_COMPILATION_CONDITIONS = "DEBUG $(inherited)";
				SWIFT_OPTIMIZATION_LEVEL = "-Onone";
			};
			name = Debug;
		};
		BFBD2C032FC0968A00ECDEDB /* Release */ = {
			isa = XCBuildConfiguration;
			buildSettings = {
				ALWAYS_SEARCH_USER_PATHS = NO;
				ASSETCATALOG_COMPILER_GENERATE_SWIFT_ASSET_SYMBOL_EXTENSIONS = YES;
				CLANG_ANALYZER_NONNULL = YES;
				CLANG_ANALYZER_NUMBER_OBJECT_CONVERSION = YES_AGGRESSIVE;
				CLANG_CXX_LANGUAGE_STANDARD = "gnu++20";
				CLANG_ENABLE_MODULES = YES;
				CLANG_ENABLE_OBJC_ARC = YES;
				CLANG_ENABLE_OBJC_WEAK = YES;
				CLANG_WARN_BLOCK_CAPTURE_AUTORELEASING = YES;
				CLANG_WARN_BOOL_CONVERSION = YES;
				CLANG_WARN_COMMA = YES;
				CLANG_WARN_CONSTANT_CONVERSION = YES;
				CLANG_WARN_DEPRECATED_OBJC_IMPLEMENTATIONS = YES;
				CLANG_WARN_DIRECT_OBJC_ISA_USAGE = YES_ERROR;
				CLANG_WARN_DOCUMENTATION_COMMENTS = YES;
				CLANG_WARN_EMPTY_BODY = YES;
				CLANG_WARN_ENUM_CONVERSION = YES;
				CLANG_WARN_INFINITE_RECURSION = YES;
				CLANG_WARN_INT_CONVERSION = YES;
				CLANG_WARN_NON_LITERAL_NULL_CONVERSION = YES;
				CLANG_WARN_OBJC_IMPLICIT_RETAIN_SELF = YES;
				CLANG_WARN_OBJC_LITERAL_CONVERSION = YES;
				CLANG_WARN_OBJC_ROOT_CLASS = YES_ERROR;
				CLANG_WARN_QUOTED_INCLUDE_IN_FRAMEWORK_HEADER = YES;
				CLANG_WARN_RANGE_LOOP_ANALYSIS = YES;
				CLANG_WARN_STRICT_PROTOTYPES = YES;
				CLANG_WARN_SUSPICIOUS_MOVE = YES;
				CLANG_WARN_UNGUARDED_AVAILABILITY = YES_AGGRESSIVE;
				CLANG_WARN_UNREACHABLE_CODE = YES;
				CLANG_WARN__DUPLICATE_METHOD_MATCH = YES;
				COPY_PHASE_STRIP = NO;
				DEBUG_INFORMATION_FORMAT = "dwarf-with-dsym";
				DEVELOPMENT_TEAM = G75W83BT8C;
				ENABLE_NS_ASSERTIONS = NO;
				ENABLE_STRICT_OBJC_MSGSEND = YES;
				ENABLE_TESTABILITY = NO;
				ENABLE_USER_SCRIPT_SANDBOXING = YES;
				GCC_C_LANGUAGE_STANDARD = gnu17;
				GCC_NO_COMMON_BLOCKS = YES;
				GCC_WARN_64_TO_32_BIT_CONVERSION = YES;
				GCC_WARN_ABOUT_RETURN_TYPE = YES_ERROR;
				GCC_WARN_UNDECLARED_SELECTOR = YES;
				GCC_WARN_UNINITIALIZED_AUTOS = YES_AGGRESSIVE;
				GCC_WARN_UNUSED_FUNCTION = YES;
				GCC_WARN_UNUSED_VARIABLE = YES;
				IPHONEOS_DEPLOYMENT_TARGET = 26.0;
				LOCALIZATION_PREFERS_STRING_CATALOGS = YES;
				MTL_ENABLE_DEBUG_INFO = NO;
				MTL_FAST_MATH = YES;
				SDKROOT = iphoneos;
				SWIFT_COMPILATION_MODE = wholemodule;
				VALIDATE_PRODUCT = YES;
			};
			name = Release;
		};
		BFBD2C052FC0968A00ECDEDB /* Debug */ = {
			isa = XCBuildConfiguration;
			buildSettings = {
				ASSETCATALOG_COMPILER_APPICON_NAME = AppIcon;
				ASSETCATALOG_COMPILER_GLOBAL_ACCENT_COLOR_NAME = AccentColor;
				CODE_SIGN_ENTITLEMENTS = myBabyCode/myBabyCode.entitlements;
				CODE_SIGN_IDENTITY = "Apple Development";
				CODE_SIGN_STYLE = Automatic;
				CURRENT_PROJECT_VERSION = 1;
				DEVELOPMENT_TEAM = G75W83BT8C;
				ENABLE_PREVIEWS = YES;
				GENERATE_INFOPLIST_FILE = YES;
				INFOPLIST_FILE = myBabyCode/Info.plist;
				INFOPLIST_KEY_CFBundleDisplayName = Nanikiru;
				INFOPLIST_KEY_ITSAppUsesNonExemptEncryption = NO;
				INFOPLIST_KEY_LSApplicationCategoryType = "";
				INFOPLIST_KEY_NSCameraUsageDescription = "コーディネートの写真を撮影するためにカメラを使用します。";
				INFOPLIST_KEY_NSPhotoLibraryUsageDescription = "コーディネートの写真を選択するためにフォトライブラリへのアクセスが必要です。";
				INFOPLIST_KEY_NSUserTrackingUsageDescription = "広告をパーソナライズするために使用します。許可しない場合も広告は表示されますが、関連性が低くなる場合があります。";
				INFOPLIST_KEY_UIApplicationSceneManifest_Generation = YES;
				INFOPLIST_KEY_UIApplicationSupportsIndirectInputEvents = YES;
				INFOPLIST_KEY_UILaunchScreen_Generation = YES;
				INFOPLIST_KEY_UISupportedInterfaceOrientations = UIInterfaceOrientationPortrait;
				INFOPLIST_KEY_UISupportedInterfaceOrientations_iPad = "UIInterfaceOrientationLandscapeLeft UIInterfaceOrientationLandscapeRight UIInterfaceOrientationPortrait UIInterfaceOrientationPortraitUpsideDown";
				IPHONEOS_DEPLOYMENT_TARGET = 15;
				LD_RUNPATH_SEARCH_PATHS = (
					"$(inherited)",
					"@executable_path/Frameworks",
				);
				MARKETING_VERSION = 1.0.5;
				PRODUCT_BUNDLE_IDENTIFIER = com.tamaki.myBabyCode;
				PRODUCT_NAME = "$(TARGET_NAME)";
				PROVISIONING_PROFILE_SPECIFIER = "";
				STRING_CATALOG_GENERATE_SYMBOLS = YES;
				SWIFT_APPROACHABLE_CONCURRENCY = YES;
				SWIFT_DEFAULT_ACTOR_ISOLATION = MainActor;
				SWIFT_EMIT_LOC_STRINGS = YES;
				SWIFT_UPCOMING_FEATURE_MEMBER_IMPORT_VISIBILITY = YES;
				SWIFT_VERSION = 5.0;
				TARGETED_DEVICE_FAMILY = "1,2";
			};
			name = Debug;
		};
		BFBD2C062FC0968A00ECDEDB /* Release */ = {
			isa = XCBuildConfiguration;
			buildSettings = {
				ASSETCATALOG_COMPILER_APPICON_NAME = AppIcon;
				ASSETCATALOG_COMPILER_GLOBAL_ACCENT_COLOR_NAME = AccentColor;
				CODE_SIGN_ENTITLEMENTS = myBabyCode/myBabyCode.entitlements;
				CODE_SIGN_IDENTITY = "Apple Development";
				CODE_SIGN_STYLE = Automatic;
				CURRENT_PROJECT_VERSION = 1;
				DEVELOPMENT_TEAM = G75W83BT8C;
				ENABLE_PREVIEWS = YES;
				GENERATE_INFOPLIST_FILE = YES;
				INFOPLIST_FILE = myBabyCode/Info.plist;
				INFOPLIST_KEY_CFBundleDisplayName = Nanikiru;
				INFOPLIST_KEY_ITSAppUsesNonExemptEncryption = NO;
				INFOPLIST_KEY_LSApplicationCategoryType = "";
				INFOPLIST_KEY_NSCameraUsageDescription = "コーディネートの写真を撮影するためにカメラを使用します。";
				INFOPLIST_KEY_NSPhotoLibraryUsageDescription = "コーディネートの写真を選択するためにフォトライブラリへのアクセスが必要です。";
				INFOPLIST_KEY_NSUserTrackingUsageDescription = "広告をパーソナライズするために使用します。許可しない場合も広告は表示されますが、関連性が低くなる場合があります。";
				INFOPLIST_KEY_UIApplicationSceneManifest_Generation = YES;
				INFOPLIST_KEY_UIApplicationSupportsIndirectInputEvents = YES;
				INFOPLIST_KEY_UILaunchScreen_Generation = YES;
				INFOPLIST_KEY_UISupportedInterfaceOrientations = UIInterfaceOrientationPortrait;
				INFOPLIST_KEY_UISupportedInterfaceOrientations_iPad = "UIInterfaceOrientationLandscapeLeft UIInterfaceOrientationLandscapeRight UIInterfaceOrientationPortrait UIInterfaceOrientationPortraitUpsideDown";
				IPHONEOS_DEPLOYMENT_TARGET = 15;
				LD_RUNPATH_SEARCH_PATHS = (
					"$(inherited)",
					"@executable_path/Frameworks",
				);
				MARKETING_VERSION = 1.0.5;
				PRODUCT_BUNDLE_IDENTIFIER = com.tamaki.myBabyCode;
				PRODUCT_NAME = "$(TARGET_NAME)";
				PROVISIONING_PROFILE_SPECIFIER = "";
				STRING_CATALOG_GENERATE_SYMBOLS = YES;
				SWIFT_APPROACHABLE_CONCURRENCY = YES;
				SWIFT_DEFAULT_ACTOR_ISOLATION = MainActor;
				SWIFT_EMIT_LOC_STRINGS = YES;
				SWIFT_UPCOMING_FEATURE_MEMBER_IMPORT_VISIBILITY = YES;
				SWIFT_VERSION = 5.0;
				TARGETED_DEVICE_FAMILY = "1,2";
			};
			name = Release;
		};
/* End XCBuildConfiguration section */

/* Begin XCConfigurationList section */
		BFBD2BF42FC0968800ECDEDB /* Build configuration list for PBXProject "myBabyCode" */ = {
			isa = XCConfigurationList;
			buildConfigurations = (
				BFBD2C022FC0968A00ECDEDB /* Debug */,
				BFBD2C032FC0968A00ECDEDB /* Release */,
			);
			defaultConfigurationIsVisible = 0;
			defaultConfigurationName = Release;
		};
		BFBD2C042FC0968A00ECDEDB /* Build configuration list for PBXNativeTarget "myBabyCode" */ = {
			isa = XCConfigurationList;
			buildConfigurations = (
				BFBD2C052FC0968A00ECDEDB /* Debug */,
				BFBD2C062FC0968A00ECDEDB /* Release */,
			);
			defaultConfigurationIsVisible = 0;
			defaultConfigurationName = Release;
		};
/* End XCConfigurationList section */

/* Begin XCRemoteSwiftPackageReference section */
		BF283F112FC30E810033705B /* XCRemoteSwiftPackageReference "GoogleSignIn-iOS" */ = {
			isa = XCRemoteSwiftPackageReference;
			repositoryURL = "https://github.com/google/GoogleSignIn-iOS.git";
			requirement = {
				kind = upToNextMajorVersion;
				minimumVersion = 7.0.0;
			};
		};
		BF529B5F2FC9C3E300B0EFC1 /* XCRemoteSwiftPackageReference "swift-package-manager-google-mobile-ads" */ = {
			isa = XCRemoteSwiftPackageReference;
			repositoryURL = "https://github.com/googleads/swift-package-manager-google-mobile-ads";
			requirement = {
				kind = upToNextMajorVersion;
				minimumVersion = 11.0.0;
			};
		};
		BFBD2C4F2FC09BCE00ECDEDB /* XCRemoteSwiftPackageReference "firebase-ios-sdk" */ = {
			isa = XCRemoteSwiftPackageReference;
			repositoryURL = "https://github.com/firebase/firebase-ios-sdk";
			requirement = {
				kind = upToNextMajorVersion;
				minimumVersion = 12.13.0;
			};
		};
/* End XCRemoteSwiftPackageReference section */

/* Begin XCSwiftPackageProductDependency section */
		BF1674472FC3FD4B00889299 /* FirebaseMessaging */ = {
			isa = XCSwiftPackageProductDependency;
			package = BFBD2C4F2FC09BCE00ECDEDB /* XCRemoteSwiftPackageReference "firebase-ios-sdk" */;
			productName = FirebaseMessaging;
		};
		BF283F122FC30E810033705B /* GoogleSignIn */ = {
			isa = XCSwiftPackageProductDependency;
			package = BF283F112FC30E810033705B /* XCRemoteSwiftPackageReference "GoogleSignIn-iOS" */;
			productName = GoogleSignIn;
		};
		BF283F142FC30E810033705B /* GoogleSignInSwift */ = {
			isa = XCSwiftPackageProductDependency;
			package = BF283F112FC30E810033705B /* XCRemoteSwiftPackageReference "GoogleSignIn-iOS" */;
			productName = GoogleSignInSwift;
		};
		BF529B602FC9C3E300B0EFC1 /* GoogleMobileAds */ = {
			isa = XCSwiftPackageProductDependency;
			package = BF529B5F2FC9C3E300B0EFC1 /* XCRemoteSwiftPackageReference "swift-package-manager-google-mobile-ads" */;
			productName = GoogleMobileAds;
		};
		BFBD2C502FC09BCE00ECDEDB /* FirebaseAuth */ = {
			isa = XCSwiftPackageProductDependency;
			package = BFBD2C4F2FC09BCE00ECDEDB /* XCRemoteSwiftPackageReference "firebase-ios-sdk" */;
			productName = FirebaseAuth;
		};
		BFBD2C522FC09BCE00ECDEDB /* FirebaseFirestore */ = {
			isa = XCSwiftPackageProductDependency;
			package = BFBD2C4F2FC09BCE00ECDEDB /* XCRemoteSwiftPackageReference "firebase-ios-sdk" */;
			productName = FirebaseFirestore;
		};
		BFBD2C542FC09BCE00ECDEDB /* FirebaseStorage */ = {
			isa = XCSwiftPackageProductDependency;
			package = BFBD2C4F2FC09BCE00ECDEDB /* XCRemoteSwiftPackageReference "firebase-ios-sdk" */;
			productName = FirebaseStorage;
		};
/* End XCSwiftPackageProductDependency section */
	};
	rootObject = BFBD2BF12FC0968800ECDEDB /* Project object */;
}
